
Microsoft Visual Studio Solution File, Format Version 12.00
# Visual Studio Version 17
VisualStudioVersion = 17.9.34728.123
MinimumVisualStudioVersion = 10.0.40219.1
Project("{FAE04EC0-301F-11D3-BF4B-00C04F79EFBC}") = "Ecmmerce", "Ecmmerce\Ecmmerce.csproj", "{66BB9B7E-9CFC-4C2D-BB2E-C170411746CE}"
EndProject
Global
	GlobalSection(SolutionConfigurationPlatforms) = preSolution
		Debug|Any CPU = Debug|Any CPU
		Release|Any CPU = Release|Any CPU
	EndGlobalSection
	GlobalSection(ProjectConfigurationPlatforms) = postSolution
		{66BB9B7E-9CFC-4C2D-BB2E-C170411746CE}.Debug|Any CPU.ActiveCfg = Debug|Any CPU
		{66BB9B7E-9CFC-4C2D-BB2E-C170411746CE}.Debug|Any CPU.Build.0 = Debug|Any CPU
		{66BB9B7E-9CFC-4C2D-BB2E-C170411746CE}.Release|Any CPU.ActiveCfg = Release|Any CPU
		{66BB9B7E-9CFC-4C2D-BB2E-C170411746CE}.Release|Any CPU.Build.0 = Release|Any CPU
	EndGlobalSection
	GlobalSection(SolutionProperties) = preSolution
		HideSolutionNode = FALSE
	EndGlobalSection
	GlobalSection(ExtensibilityGlobals) = postSolution
		SolutionGuid = {F88D3ABA-8A70-4B50-8E54-77736F3E2F9A}
	EndGlobalSection
EndGlobal
